
Microsoft Visual Studio Solution File, Format Version 12.00
# Visual Studio Version 16
VisualStudioVersion = 16.0.31829.152
MinimumVisualStudioVersion = 10.0.40219.1
Project("{FAE04EC0-301F-11D3-BF4B-00C04F79EFBC}") = "prak w13", "prak w13\prak w13.csproj", "{302F50EF-E564-44EC-89C7-072A16EFCFE7}"
EndProject
Global
	GlobalSection(SolutionConfigurationPlatforms) = preSolution
		Debug|Any CPU = Debug|Any CPU
		Release|Any CPU = Release|Any CPU
	EndGlobalSection
	GlobalSection(ProjectConfigurationPlatforms) = postSolution
		{302F50EF-E564-44EC-89C7-072A16EFCFE7}.Debug|Any CPU.ActiveCfg = Debug|Any CPU
		{302F50EF-E564-44EC-89C7-072A16EFCFE7}.Debug|Any CPU.Build.0 = Debug|Any CPU
		{302F50EF-E564-44EC-89C7-072A16EFCFE7}.Release|Any CPU.ActiveCfg = Release|Any CPU
		{302F50EF-E564-44EC-89C7-072A16EFCFE7}.Release|Any CPU.Build.0 = Release|Any CPU
	EndGlobalSection
	GlobalSection(SolutionProperties) = preSolution
		HideSolutionNode = FALSE
	EndGlobalSection
	GlobalSection(ExtensibilityGlobals) = postSolution
		SolutionGuid = {E76118FB-256E-41A2-AE77-BC1C2C2EAC4E}
	EndGlobalSection
EndGlobal
